
Microsoft Visual Studio Solution File, Format Version 12.00
# Visual Studio Version 16
VisualStudioVersion = 16.0.30611.23
MinimumVisualStudioVersion = 10.0.40219.1
Project("{2150E333-8FDC-42A3-9474-1A3956D46DE8}") = "Behavioral", "Behavioral", "{2F2F76FA-420A-440E-A0CD-A38B94ADA847}"
EndProject
Project("{9A19103F-16F7-4668-BE54-9A1E7A4F7556}") = "StrategyPatternWithContext", "StrategyPattern\StrategyPatternWithContext.csproj", "{1E5805FC-B037-481F-97FD-8ABE811AB867}"
EndProject
Project("{9A19103F-16F7-4668-BE54-9A1E7A4F7556}") = "StrategyPatternWithService", "StrategyPatternWithoutContext\StrategyPatternWithService.csproj", "{358E8930-DD42-4938-A9CB-B104FAB7AB05}"
EndProject
Project("{2150E333-8FDC-42A3-9474-1A3956D46DE8}") = "Structural", "Structural", "{6602AF72-99A6-4E88-96B8-78A9D2AE32BB}"
EndProject
Project("{9A19103F-16F7-4668-BE54-9A1E7A4F7556}") = "DecoratorPattern", "DecoratorPattern\DecoratorPattern.csproj", "{80366F38-CC29-4461-BD68-94C292EC4561}"
EndProject
Project("{9A19103F-16F7-4668-BE54-9A1E7A4F7556}") = "AdapterPattern", "AdapterPattern\AdapterPattern.csproj", "{B8CC8757-DBCA-4B08-893C-7CBD7CF4D4BE}"
EndProject
Project("{9A19103F-16F7-4668-BE54-9A1E7A4F7556}") = "ChainOfResponsibilityPattern", "ChainOfResponsibilityPattern\ChainOfResponsibilityPattern.csproj", "{1114FC92-D153-4A9E-979F-9E5223E8265C}"
EndProject
Project("{9A19103F-16F7-4668-BE54-9A1E7A4F7556}") = "ObserverPattern", "ObserverPattern\ObserverPattern.csproj", "{B9BABE6C-08EC-4533-98FF-69C564DA9D4C}"
EndProject
Project("{9A19103F-16F7-4668-BE54-9A1E7A4F7556}") = "TemplateMethodPattern", "TemplateMethodPattern\TemplateMethodPattern.csproj", "{214D654B-08B1-428F-8802-8AB2D7978145}"
EndProject
Project("{9A19103F-16F7-4668-BE54-9A1E7A4F7556}") = "BridgePattern", "BridgePattern\BridgePattern.csproj", "{D60588E4-FDAB-4DA9-83E1-9A6360163BDF}"
EndProject
Project("{9A19103F-16F7-4668-BE54-9A1E7A4F7556}") = "FacadePattern", "FacadePattern\FacadePattern.csproj", "{5149B618-105A-4747-96FB-37A17A39E1D9}"
EndProject
Project("{9A19103F-16F7-4668-BE54-9A1E7A4F7556}") = "ProxyPattern", "ProxyPattern\ProxyPattern.csproj", "{8A03A8FE-927F-4B8A-A917-1107C7742CE8}"
EndProject
Project("{2150E333-8FDC-42A3-9474-1A3956D46DE8}") = "StrategyPattern", "StrategyPattern", "{432BD94B-49AF-4DBA-A2DB-6861ED48860C}"
EndProject
Project("{2150E333-8FDC-42A3-9474-1A3956D46DE8}") = "Creational", "Creational", "{7507CEAF-239A-4183-853F-9EAF921FDF3E}"
EndProject
Project("{9A19103F-16F7-4668-BE54-9A1E7A4F7556}") = "SingletonPattern", "SingletonPattern\SingletonPattern.csproj", "{75CF60D8-F57D-4ED5-AD95-C5C034342BBD}"
EndProject
Project("{9A19103F-16F7-4668-BE54-9A1E7A4F7556}") = "FactoryPattern", "FactoryPattern\FactoryPattern.csproj", "{DA1D7E6D-C7F2-4630-BB6A-ADB6D6594B7A}"
EndProject
Project("{9A19103F-16F7-4668-BE54-9A1E7A4F7556}") = "FactoryMethodPattern", "FactoryMethodPattern\FactoryMethodPattern.csproj", "{B46367F2-0C23-48E2-9655-6BE2DFF5B79C}"
EndProject
Project("{9A19103F-16F7-4668-BE54-9A1E7A4F7556}") = "PrototypePattern", "PrototypePattern\PrototypePattern.csproj", "{ADCE9A98-C888-4878-92BC-E4D5E0ADCC74}"
EndProject
Project("{9A19103F-16F7-4668-BE54-9A1E7A4F7556}") = "VisitorPattern", "VisitorPattern\VisitorPattern.csproj", "{A132B489-DE66-4719-9572-7CF118904E29}"
EndProject
Project("{FAE04EC0-301F-11D3-BF4B-00C04F79EFBC}") = "MementoPattern", "MementoPattern\MementoPattern.csproj", "{2FC0CBAF-522E-4C9B-9ED0-A15E84EEB6D3}"
EndProject
Global
	GlobalSection(SolutionConfigurationPlatforms) = preSolution
		Debug|Any CPU = Debug|Any CPU
		Release|Any CPU = Release|Any CPU
	EndGlobalSection
	GlobalSection(ProjectConfigurationPlatforms) = postSolution
		{1E5805FC-B037-481F-97FD-8ABE811AB867}.Debug|Any CPU.ActiveCfg = Debug|Any CPU
		{1E5805FC-B037-481F-97FD-8ABE811AB867}.Debug|Any CPU.Build.0 = Debug|Any CPU
		{1E5805FC-B037-481F-97FD-8ABE811AB867}.Release|Any CPU.ActiveCfg = Release|Any CPU
		{1E5805FC-B037-481F-97FD-8ABE811AB867}.Release|Any CPU.Build.0 = Release|Any CPU
		{358E8930-DD42-4938-A9CB-B104FAB7AB05}.Debug|Any CPU.ActiveCfg = Debug|Any CPU
		{358E8930-DD42-4938-A9CB-B104FAB7AB05}.Debug|Any CPU.Build.0 = Debug|Any CPU
		{358E8930-DD42-4938-A9CB-B104FAB7AB05}.Release|Any CPU.ActiveCfg = Release|Any CPU
		{358E8930-DD42-4938-A9CB-B104FAB7AB05}.Release|Any CPU.Build.0 = Release|Any CPU
		{80366F38-CC29-4461-BD68-94C292EC4561}.Debug|Any CPU.ActiveCfg = Debug|Any CPU
		{80366F38-CC29-4461-BD68-94C292EC4561}.Debug|Any CPU.Build.0 = Debug|Any CPU
		{80366F38-CC29-4461-BD68-94C292EC4561}.Release|Any CPU.ActiveCfg = Release|Any CPU
		{80366F38-CC29-4461-BD68-94C292EC4561}.Release|Any CPU.Build.0 = Release|Any CPU
		{B8CC8757-DBCA-4B08-893C-7CBD7CF4D4BE}.Debug|Any CPU.ActiveCfg = Debug|Any CPU
		{B8CC8757-DBCA-4B08-893C-7CBD7CF4D4BE}.Debug|Any CPU.Build.0 = Debug|Any CPU
		{B8CC8757-DBCA-4B08-893C-7CBD7CF4D4BE}.Release|Any CPU.ActiveCfg = Release|Any CPU
		{B8CC8757-DBCA-4B08-893C-7CBD7CF4D4BE}.Release|Any CPU.Build.0 = Release|Any CPU
		{1114FC92-D153-4A9E-979F-9E5223E8265C}.Debug|Any CPU.ActiveCfg = Debug|Any CPU
		{1114FC92-D153-4A9E-979F-9E5223E8265C}.Debug|Any CPU.Build.0 = Debug|Any CPU
		{1114FC92-D153-4A9E-979F-9E5223E8265C}.Release|Any CPU.ActiveCfg = Release|Any CPU
		{1114FC92-D153-4A9E-979F-9E5223E8265C}.Release|Any CPU.Build.0 = Release|Any CPU
		{B9BABE6C-08EC-4533-98FF-69C564DA9D4C}.Debug|Any CPU.ActiveCfg = Debug|Any CPU
		{B9BABE6C-08EC-4533-98FF-69C564DA9D4C}.Debug|Any CPU.Build.0 = Debug|Any CPU
		{B9BABE6C-08EC-4533-98FF-69C564DA9D4C}.Release|Any CPU.ActiveCfg = Release|Any CPU
		{B9BABE6C-08EC-4533-98FF-69C564DA9D4C}.Release|Any CPU.Build.0 = Release|Any CPU
		{214D654B-08B1-428F-8802-8AB2D7978145}.Debug|Any CPU.ActiveCfg = Debug|Any CPU
		{214D654B-08B1-428F-8802-8AB2D7978145}.Debug|Any CPU.Build.0 = Debug|Any CPU
		{214D654B-08B1-428F-8802-8AB2D7978145}.Release|Any CPU.ActiveCfg = Release|Any CPU
		{214D654B-08B1-428F-8802-8AB2D7978145}.Release|Any CPU.Build.0 = Release|Any CPU
		{D60588E4-FDAB-4DA9-83E1-9A6360163BDF}.Debug|Any CPU.ActiveCfg = Debug|Any CPU
		{D60588E4-FDAB-4DA9-83E1-9A6360163BDF}.Debug|Any CPU.Build.0 = Debug|Any CPU
		{D60588E4-FDAB-4DA9-83E1-9A6360163BDF}.Release|Any CPU.ActiveCfg = Release|Any CPU
		{D60588E4-FDAB-4DA9-83E1-9A6360163BDF}.Release|Any CPU.Build.0 = Release|Any CPU
		{5149B618-105A-4747-96FB-37A17A39E1D9}.Debug|Any CPU.ActiveCfg = Debug|Any CPU
		{5149B618-105A-4747-96FB-37A17A39E1D9}.Debug|Any CPU.Build.0 = Debug|Any CPU
		{5149B618-105A-4747-96FB-37A17A39E1D9}.Release|Any CPU.ActiveCfg = Release|Any CPU
		{5149B618-105A-4747-96FB-37A17A39E1D9}.Release|Any CPU.Build.0 = Release|Any CPU
		{8A03A8FE-927F-4B8A-A917-1107C7742CE8}.Debug|Any CPU.ActiveCfg = Debug|Any CPU
		{8A03A8FE-927F-4B8A-A917-1107C7742CE8}.Debug|Any CPU.Build.0 = Debug|Any CPU
		{8A03A8FE-927F-4B8A-A917-1107C7742CE8}.Release|Any CPU.ActiveCfg = Release|Any CPU
		{8A03A8FE-927F-4B8A-A917-1107C7742CE8}.Release|Any CPU.Build.0 = Release|Any CPU
		{75CF60D8-F57D-4ED5-AD95-C5C034342BBD}.Debug|Any CPU.ActiveCfg = Debug|Any CPU
		{75CF60D8-F57D-4ED5-AD95-C5C034342BBD}.Debug|Any CPU.Build.0 = Debug|Any CPU
		{75CF60D8-F57D-4ED5-AD95-C5C034342BBD}.Release|Any CPU.ActiveCfg = Release|Any CPU
		{75CF60D8-F57D-4ED5-AD95-C5C034342BBD}.Release|Any CPU.Build.0 = Release|Any CPU
		{DA1D7E6D-C7F2-4630-BB6A-ADB6D6594B7A}.Debug|Any CPU.ActiveCfg = Debug|Any CPU
		{DA1D7E6D-C7F2-4630-BB6A-ADB6D6594B7A}.Debug|Any CPU.Build.0 = Debug|Any CPU
		{DA1D7E6D-C7F2-4630-BB6A-ADB6D6594B7A}.Release|Any CPU.ActiveCfg = Release|Any CPU
		{DA1D7E6D-C7F2-4630-BB6A-ADB6D6594B7A}.Release|Any CPU.Build.0 = Release|Any CPU
		{B46367F2-0C23-48E2-9655-6BE2DFF5B79C}.Debug|Any CPU.ActiveCfg = Debug|Any CPU
		{B46367F2-0C23-48E2-9655-6BE2DFF5B79C}.Debug|Any CPU.Build.0 = Debug|Any CPU
		{B46367F2-0C23-48E2-9655-6BE2DFF5B79C}.Release|Any CPU.ActiveCfg = Release|Any CPU
		{B46367F2-0C23-48E2-9655-6BE2DFF5B79C}.Release|Any CPU.Build.0 = Release|Any CPU
		{ADCE9A98-C888-4878-92BC-E4D5E0ADCC74}.Debug|Any CPU.ActiveCfg = Debug|Any CPU
		{ADCE9A98-C888-4878-92BC-E4D5E0ADCC74}.Debug|Any CPU.Build.0 = Debug|Any CPU
		{ADCE9A98-C888-4878-92BC-E4D5E0ADCC74}.Release|Any CPU.ActiveCfg = Release|Any CPU
		{ADCE9A98-C888-4878-92BC-E4D5E0ADCC74}.Release|Any CPU.Build.0 = Release|Any CPU
		{A132B489-DE66-4719-9572-7CF118904E29}.Debug|Any CPU.ActiveCfg = Debug|Any CPU
		{A132B489-DE66-4719-9572-7CF118904E29}.Debug|Any CPU.Build.0 = Debug|Any CPU
		{A132B489-DE66-4719-9572-7CF118904E29}.Release|Any CPU.ActiveCfg = Release|Any CPU
		{A132B489-DE66-4719-9572-7CF118904E29}.Release|Any CPU.Build.0 = Release|Any CPU
		{2FC0CBAF-522E-4C9B-9ED0-A15E84EEB6D3}.Debug|Any CPU.ActiveCfg = Debug|Any CPU
		{2FC0CBAF-522E-4C9B-9ED0-A15E84EEB6D3}.Debug|Any CPU.Build.0 = Debug|Any CPU
		{2FC0CBAF-522E-4C9B-9ED0-A15E84EEB6D3}.Release|Any CPU.ActiveCfg = Release|Any CPU
		{2FC0CBAF-522E-4C9B-9ED0-A15E84EEB6D3}.Release|Any CPU.Build.0 = Release|Any CPU
	EndGlobalSection
	GlobalSection(SolutionProperties) = preSolution
		HideSolutionNode = FALSE
	EndGlobalSection
	GlobalSection(NestedProjects) = preSolution
		{1E5805FC-B037-481F-97FD-8ABE811AB867} = {432BD94B-49AF-4DBA-A2DB-6861ED48860C}
		{358E8930-DD42-4938-A9CB-B104FAB7AB05} = {432BD94B-49AF-4DBA-A2DB-6861ED48860C}
		{80366F38-CC29-4461-BD68-94C292EC4561} = {6602AF72-99A6-4E88-96B8-78A9D2AE32BB}
		{B8CC8757-DBCA-4B08-893C-7CBD7CF4D4BE} = {6602AF72-99A6-4E88-96B8-78A9D2AE32BB}
		{1114FC92-D153-4A9E-979F-9E5223E8265C} = {2F2F76FA-420A-440E-A0CD-A38B94ADA847}
		{B9BABE6C-08EC-4533-98FF-69C564DA9D4C} = {2F2F76FA-420A-440E-A0CD-A38B94ADA847}
		{214D654B-08B1-428F-8802-8AB2D7978145} = {2F2F76FA-420A-440E-A0CD-A38B94ADA847}
		{D60588E4-FDAB-4DA9-83E1-9A6360163BDF} = {6602AF72-99A6-4E88-96B8-78A9D2AE32BB}
		{5149B618-105A-4747-96FB-37A17A39E1D9} = {6602AF72-99A6-4E88-96B8-78A9D2AE32BB}
		{8A03A8FE-927F-4B8A-A917-1107C7742CE8} = {6602AF72-99A6-4E88-96B8-78A9D2AE32BB}
		{432BD94B-49AF-4DBA-A2DB-6861ED48860C} = {2F2F76FA-420A-440E-A0CD-A38B94ADA847}
		{75CF60D8-F57D-4ED5-AD95-C5C034342BBD} = {7507CEAF-239A-4183-853F-9EAF921FDF3E}
		{DA1D7E6D-C7F2-4630-BB6A-ADB6D6594B7A} = {7507CEAF-239A-4183-853F-9EAF921FDF3E}
		{B46367F2-0C23-48E2-9655-6BE2DFF5B79C} = {7507CEAF-239A-4183-853F-9EAF921FDF3E}
		{ADCE9A98-C888-4878-92BC-E4D5E0ADCC74} = {7507CEAF-239A-4183-853F-9EAF921FDF3E}
		{A132B489-DE66-4719-9572-7CF118904E29} = {2F2F76FA-420A-440E-A0CD-A38B94ADA847}
		{2FC0CBAF-522E-4C9B-9ED0-A15E84EEB6D3} = {2F2F76FA-420A-440E-A0CD-A38B94ADA847}
	EndGlobalSection
	GlobalSection(ExtensibilityGlobals) = postSolution
		SolutionGuid = {092D50E1-6AD5-4334-993A-731B59C9D24A}
	EndGlobalSection
EndGlobal
